
Microsoft Visual Studio Solution File, Format Version 12.00
# Visual Studio Version 17
VisualStudioVersion = 17.2.32616.157
MinimumVisualStudioVersion = 10.0.40219.1
Project("{8BC9CEB8-8B4A-11D0-8D11-00A0C91BC942}") = "HomeWork_Massiv", "HomeWork_Massiv\HomeWork_Massiv.vcxproj", "{FDEDB547-A2D5-4828-92D9-BEB6AF2F5C22}"
EndProject
Project("{8BC9CEB8-8B4A-11D0-8D11-00A0C91BC942}") = "Number_System", "Number_System\Number_System.vcxproj", "{12779296-51F4-4EF1-9C75-3EBEFF80BBD6}"
EndProject
Project("{8BC9CEB8-8B4A-11D0-8D11-00A0C91BC942}") = "Function", "Function\Function.vcxproj", "{834C9756-9A5E-43D7-8ED7-5BFA0CFE1329}"
EndProject
Project("{8BC9CEB8-8B4A-11D0-8D11-00A0C91BC942}") = "Array", "Array\Array.vcxproj", "{39D6AC7E-0D36-4C6E-AAA2-0DBC2AD8F1D3}"
EndProject
Project("{8BC9CEB8-8B4A-11D0-8D11-00A0C91BC942}") = "RecursionFunction", "RecursionFunction\RecursionFunction.vcxproj", "{2423C398-1128-4BA8-9965-A7D4F027659F}"
EndProject
Project("{8BC9CEB8-8B4A-11D0-8D11-00A0C91BC942}") = "Two-dimensionalArray", "Two-dimensionalArray\Two-dimensionalArray.vcxproj", "{B88E3511-D653-4335-95DC-5EEC96781D5B}"
EndProject
Project("{8BC9CEB8-8B4A-11D0-8D11-00A0C91BC942}") = "Test", "Test\Test.vcxproj", "{79196812-779E-475B-95FC-BA9787539974}"
EndProject
Project("{8BC9CEB8-8B4A-11D0-8D11-00A0C91BC942}") = "DynamicArray", "DynamicArray\DynamicArray.vcxproj", "{F3794D43-5CFB-4EEE-A3E2-12B0A9DB4B01}"
EndProject
Global
	GlobalSection(SolutionConfigurationPlatforms) = preSolution
		Debug|x64 = Debug|x64
		Debug|x86 = Debug|x86
		Release|x64 = Release|x64
		Release|x86 = Release|x86
	EndGlobalSection
	GlobalSection(ProjectConfigurationPlatforms) = postSolution
		{FDEDB547-A2D5-4828-92D9-BEB6AF2F5C22}.Debug|x64.ActiveCfg = Debug|x64
		{FDEDB547-A2D5-4828-92D9-BEB6AF2F5C22}.Debug|x64.Build.0 = Debug|x64
		{FDEDB547-A2D5-4828-92D9-BEB6AF2F5C22}.Debug|x86.ActiveCfg = Debug|Win32
		{FDEDB547-A2D5-4828-92D9-BEB6AF2F5C22}.Debug|x86.Build.0 = Debug|Win32
		{FDEDB547-A2D5-4828-92D9-BEB6AF2F5C22}.Release|x64.ActiveCfg = Release|x64
		{FDEDB547-A2D5-4828-92D9-BEB6AF2F5C22}.Release|x64.Build.0 = Release|x64
		{FDEDB547-A2D5-4828-92D9-BEB6AF2F5C22}.Release|x86.ActiveCfg = Release|Win32
		{FDEDB547-A2D5-4828-92D9-BEB6AF2F5C22}.Release|x86.Build.0 = Release|Win32
		{12779296-51F4-4EF1-9C75-3EBEFF80BBD6}.Debug|x64.ActiveCfg = Debug|x64
		{12779296-51F4-4EF1-9C75-3EBEFF80BBD6}.Debug|x64.Build.0 = Debug|x64
		{12779296-51F4-4EF1-9C75-3EBEFF80BBD6}.Debug|x86.ActiveCfg = Debug|Win32
		{12779296-51F4-4EF1-9C75-3EBEFF80BBD6}.Debug|x86.Build.0 = Debug|Win32
		{12779296-51F4-4EF1-9C75-3EBEFF80BBD6}.Release|x64.ActiveCfg = Release|x64
		{12779296-51F4-4EF1-9C75-3EBEFF80BBD6}.Release|x64.Build.0 = Release|x64
		{12779296-51F4-4EF1-9C75-3EBEFF80BBD6}.Release|x86.ActiveCfg = Release|Win32
		{12779296-51F4-4EF1-9C75-3EBEFF80BBD6}.Release|x86.Build.0 = Release|Win32
		{834C9756-9A5E-43D7-8ED7-5BFA0CFE1329}.Debug|x64.ActiveCfg = Debug|x64
		{834C9756-9A5E-43D7-8ED7-5BFA0CFE1329}.Debug|x64.Build.0 = Debug|x64
		{834C9756-9A5E-43D7-8ED7-5BFA0CFE1329}.Debug|x86.ActiveCfg = Debug|Win32
		{834C9756-9A5E-43D7-8ED7-5BFA0CFE1329}.Debug|x86.Build.0 = Debug|Win32
		{834C9756-9A5E-43D7-8ED7-5BFA0CFE1329}.Release|x64.ActiveCfg = Release|x64
		{834C9756-9A5E-43D7-8ED7-5BFA0CFE1329}.Release|x64.Build.0 = Release|x64
		{834C9756-9A5E-43D7-8ED7-5BFA0CFE1329}.Release|x86.ActiveCfg = Release|Win32
		{834C9756-9A5E-43D7-8ED7-5BFA0CFE1329}.Release|x86.Build.0 = Release|Win32
		{39D6AC7E-0D36-4C6E-AAA2-0DBC2AD8F1D3}.Debug|x64.ActiveCfg = Debug|x64
		{39D6AC7E-0D36-4C6E-AAA2-0DBC2AD8F1D3}.Debug|x64.Build.0 = Debug|x64
		{39D6AC7E-0D36-4C6E-AAA2-0DBC2AD8F1D3}.Debug|x86.ActiveCfg = Debug|Win32
		{39D6AC7E-0D36-4C6E-AAA2-0DBC2AD8F1D3}.Debug|x86.Build.0 = Debug|Win32
		{39D6AC7E-0D36-4C6E-AAA2-0DBC2AD8F1D3}.Release|x64.ActiveCfg = Release|x64
		{39D6AC7E-0D36-4C6E-AAA2-0DBC2AD8F1D3}.Release|x64.Build.0 = Release|x64
		{39D6AC7E-0D36-4C6E-AAA2-0DBC2AD8F1D3}.Release|x86.ActiveCfg = Release|Win32
		{39D6AC7E-0D36-4C6E-AAA2-0DBC2AD8F1D3}.Release|x86.Build.0 = Release|Win32
		{2423C398-1128-4BA8-9965-A7D4F027659F}.Debug|x64.ActiveCfg = Debug|x64
		{2423C398-1128-4BA8-9965-A7D4F027659F}.Debug|x64.Build.0 = Debug|x64
		{2423C398-1128-4BA8-9965-A7D4F027659F}.Debug|x86.ActiveCfg = Debug|Win32
		{2423C398-1128-4BA8-9965-A7D4F027659F}.Debug|x86.Build.0 = Debug|Win32
		{2423C398-1128-4BA8-9965-A7D4F027659F}.Release|x64.ActiveCfg = Release|x64
		{2423C398-1128-4BA8-9965-A7D4F027659F}.Release|x64.Build.0 = Release|x64
		{2423C398-1128-4BA8-9965-A7D4F027659F}.Release|x86.ActiveCfg = Release|Win32
		{2423C398-1128-4BA8-9965-A7D4F027659F}.Release|x86.Build.0 = Release|Win32
		{B88E3511-D653-4335-95DC-5EEC96781D5B}.Debug|x64.ActiveCfg = Debug|x64
		{B88E3511-D653-4335-95DC-5EEC96781D5B}.Debug|x64.Build.0 = Debug|x64
		{B88E3511-D653-4335-95DC-5EEC96781D5B}.Debug|x86.ActiveCfg = Debug|Win32
		{B88E3511-D653-4335-95DC-5EEC96781D5B}.Debug|x86.Build.0 = Debug|Win32
		{B88E3511-D653-4335-95DC-5EEC96781D5B}.Release|x64.ActiveCfg = Release|x64
		{B88E3511-D653-4335-95DC-5EEC96781D5B}.Release|x64.Build.0 = Release|x64
		{B88E3511-D653-4335-95DC-5EEC96781D5B}.Release|x86.ActiveCfg = Release|Win32
		{B88E3511-D653-4335-95DC-5EEC96781D5B}.Release|x86.Build.0 = Release|Win32
		{79196812-779E-475B-95FC-BA9787539974}.Debug|x64.ActiveCfg = Debug|x64
		{79196812-779E-475B-95FC-BA9787539974}.Debug|x64.Build.0 = Debug|x64
		{79196812-779E-475B-95FC-BA9787539974}.Debug|x86.ActiveCfg = Debug|Win32
		{79196812-779E-475B-95FC-BA9787539974}.Debug|x86.Build.0 = Debug|Win32
		{79196812-779E-475B-95FC-BA9787539974}.Release|x64.ActiveCfg = Release|x64
		{79196812-779E-475B-95FC-BA9787539974}.Release|x64.Build.0 = Release|x64
		{79196812-779E-475B-95FC-BA9787539974}.Release|x86.ActiveCfg = Release|Win32
		{79196812-779E-475B-95FC-BA9787539974}.Release|x86.Build.0 = Release|Win32
		{F3794D43-5CFB-4EEE-A3E2-12B0A9DB4B01}.Debug|x64.ActiveCfg = Debug|x64
		{F3794D43-5CFB-4EEE-A3E2-12B0A9DB4B01}.Debug|x64.Build.0 = Debug|x64
		{F3794D43-5CFB-4EEE-A3E2-12B0A9DB4B01}.Debug|x86.ActiveCfg = Debug|Win32
		{F3794D43-5CFB-4EEE-A3E2-12B0A9DB4B01}.Debug|x86.Build.0 = Debug|Win32
		{F3794D43-5CFB-4EEE-A3E2-12B0A9DB4B01}.Release|x64.ActiveCfg = Release|x64
		{F3794D43-5CFB-4EEE-A3E2-12B0A9DB4B01}.Release|x64.Build.0 = Release|x64
		{F3794D43-5CFB-4EEE-A3E2-12B0A9DB4B01}.Release|x86.ActiveCfg = Release|Win32
		{F3794D43-5CFB-4EEE-A3E2-12B0A9DB4B01}.Release|x86.Build.0 = Release|Win32
	EndGlobalSection
	GlobalSection(SolutionProperties) = preSolution
		HideSolutionNode = FALSE
	EndGlobalSection
	GlobalSection(ExtensibilityGlobals) = postSolution
		SolutionGuid = {1F025C99-4FAA-460A-A9ED-F125C5BDFB2F}
	EndGlobalSection
EndGlobal
